
Microsoft Visual Studio Solution File, Format Version 11.00
# Visual Studio 2010
Project("{FAE04EC0-301F-11D3-BF4B-00C04F79EFBC}") = "TutorialShooter", "Assembly-CSharp.csproj", "{C0BAC309-13C3-7A3A-956C-C9B46D37298D}"
EndProject
Project("{FAE04EC0-301F-11D3-BF4B-00C04F79EFBC}") = "TutorialShooter", "Assembly-CSharp-Editor.csproj", "{234DA230-CCCC-C00E-F191-D4920F8D20FC}"
EndProject
Global
	GlobalSection(SolutionConfigurationPlatforms) = preSolution
		Debug|Any CPU = Debug|Any CPU
		Release|Any CPU = Release|Any CPU
	EndGlobalSection
	GlobalSection(ProjectConfigurationPlatforms) = postSolution
		{C0BAC309-13C3-7A3A-956C-C9B46D37298D}.Debug|Any CPU.ActiveCfg = Debug|Any CPU
		{C0BAC309-13C3-7A3A-956C-C9B46D37298D}.Debug|Any CPU.Build.0 = Debug|Any CPU
		{C0BAC309-13C3-7A3A-956C-C9B46D37298D}.Release|Any CPU.ActiveCfg = Release|Any CPU
		{C0BAC309-13C3-7A3A-956C-C9B46D37298D}.Release|Any CPU.Build.0 = Release|Any CPU
		{234DA230-CCCC-C00E-F191-D4920F8D20FC}.Debug|Any CPU.ActiveCfg = Debug|Any CPU
		{234DA230-CCCC-C00E-F191-D4920F8D20FC}.Debug|Any CPU.Build.0 = Debug|Any CPU
		{234DA230-CCCC-C00E-F191-D4920F8D20FC}.Release|Any CPU.ActiveCfg = Release|Any CPU
		{234DA230-CCCC-C00E-F191-D4920F8D20FC}.Release|Any CPU.Build.0 = Release|Any CPU
	EndGlobalSection
	GlobalSection(SolutionProperties) = preSolution
		HideSolutionNode = FALSE
	EndGlobalSection
	GlobalSection(MonoDevelopProperties) = preSolution
		StartupItem = Assembly-CSharp.csproj
	EndGlobalSection
EndGlobal
